Microsoft Visual Studio Solution File, Format Version 12.00
# Visual Studio 15
VisualStudioVersion = 15.0.26403.7
MinimumVisualStudioVersion = 10.0.40219.1
Project("{2150E333-8FDC-42A3-9474-1A3956D46DE8}") = "src", "src", "{7FD06913-5FCA-433A-B1BB-D39C07DD66AE}"
EndProject
Project("{FAE04EC0-301F-11D3-BF4B-00C04F79EFBC}") = "GPSOAuthSharp.NetStandard1", "src\GPSOAuthSharp.NetStandard1\GPSOAuthSharp.NetStandard1.csproj", "{03D5F58F-48A5-4DBB-B6F6-F0818B8FE5B6}"
EndProject
Project("{2150E333-8FDC-42A3-9474-1A3956D46DE8}") = "demo", "demo", "{7C41DF38-0A65-4334-9C90-96A8427EBF34}"
EndProject
Project("{FAE04EC0-301F-11D3-BF4B-00C04F79EFBC}") = "GPSOAuthSharp.Demo", "demo\GPSOAuthSharp.Demo\GPSOAuthSharp.Demo.csproj", "{E6D7D8B0-AEA9-46AB-8CB2-9D020F5C5072}"
EndProject
Project("{2150E333-8FDC-42A3-9474-1A3956D46DE8}") = "Backup", "Backup", "{E5EE4263-895F-4BC9-899A-F296664AADB6}"
EndProject
Project("{2150E333-8FDC-42A3-9474-1A3956D46DE8}") = "demo", "demo", "{8B84DADC-1132-497E-9039-58B7CDB12B60}"
EndProject
Project("{FAE04EC0-301F-11D3-BF4B-00C04F79EFBC}") = "GPSOAuthSharp.Demo", "Backup\demo\GPSOAuthSharp.Demo\GPSOAuthSharp.Demo.csproj", "{D9A23A60-47BA-415D-926A-0CA8D6F97ED3}"
EndProject
Project("{2150E333-8FDC-42A3-9474-1A3956D46DE8}") = "src", "src", "{2FE498BE-B36E-4AAE-B27E-2FE8B1EABF5B}"
EndProject
Project("{FAE04EC0-301F-11D3-BF4B-00C04F79EFBC}") = "GPSOAuthSharp.NetStandard1", "Backup\src\GPSOAuthSharp.NetStandard1\GPSOAuthSharp.NetStandard1.csproj", "{7D73DCE3-B980-417E-AB5A-07514378CFB0}"
EndProject
Global
	GlobalSection(SolutionConfigurationPlatforms) = preSolution
		Debug|Any CPU = Debug|Any CPU
		Debug|x64 = Debug|x64
		Debug|x86 = Debug|x86
		Release|Any CPU = Release|Any CPU
		Release|x64 = Release|x64
		Release|x86 = Release|x86
	EndGlobalSection
	GlobalSection(ProjectConfigurationPlatforms) = postSolution
		{03D5F58F-48A5-4DBB-B6F6-F0818B8FE5B6}.Debug|Any CPU.ActiveCfg = Debug|Any CPU
		{03D5F58F-48A5-4DBB-B6F6-F0818B8FE5B6}.Debug|Any CPU.Build.0 = Debug|Any CPU
		{03D5F58F-48A5-4DBB-B6F6-F0818B8FE5B6}.Debug|x64.ActiveCfg = Debug|Any CPU
		{03D5F58F-48A5-4DBB-B6F6-F0818B8FE5B6}.Debug|x86.ActiveCfg = Debug|Any CPU
		{03D5F58F-48A5-4DBB-B6F6-F0818B8FE5B6}.Release|Any CPU.ActiveCfg = Release|Any CPU
		{03D5F58F-48A5-4DBB-B6F6-F0818B8FE5B6}.Release|Any CPU.Build.0 = Release|Any CPU
		{03D5F58F-48A5-4DBB-B6F6-F0818B8FE5B6}.Release|x64.ActiveCfg = Release|Any CPU
		{03D5F58F-48A5-4DBB-B6F6-F0818B8FE5B6}.Release|x86.ActiveCfg = Release|Any CPU
		{E6D7D8B0-AEA9-46AB-8CB2-9D020F5C5072}.Debug|Any CPU.ActiveCfg = Debug|Any CPU
		{E6D7D8B0-AEA9-46AB-8CB2-9D020F5C5072}.Debug|Any CPU.Build.0 = Debug|Any CPU
		{E6D7D8B0-AEA9-46AB-8CB2-9D020F5C5072}.Debug|x64.ActiveCfg = Debug|Any CPU
		{E6D7D8B0-AEA9-46AB-8CB2-9D020F5C5072}.Debug|x86.ActiveCfg = Debug|Any CPU
		{E6D7D8B0-AEA9-46AB-8CB2-9D020F5C5072}.Release|Any CPU.ActiveCfg = Release|Any CPU
		{E6D7D8B0-AEA9-46AB-8CB2-9D020F5C5072}.Release|Any CPU.Build.0 = Release|Any CPU
		{E6D7D8B0-AEA9-46AB-8CB2-9D020F5C5072}.Release|x64.ActiveCfg = Release|Any CPU
		{E6D7D8B0-AEA9-46AB-8CB2-9D020F5C5072}.Release|x86.ActiveCfg = Release|Any CPU
		{D9A23A60-47BA-415D-926A-0CA8D6F97ED3}.Debug|Any CPU.ActiveCfg = Debug|Any CPU
		{D9A23A60-47BA-415D-926A-0CA8D6F97ED3}.Debug|Any CPU.Build.0 = Debug|Any CPU
		{D9A23A60-47BA-415D-926A-0CA8D6F97ED3}.Debug|x64.ActiveCfg = Debug|Any CPU
		{D9A23A60-47BA-415D-926A-0CA8D6F97ED3}.Debug|x64.Build.0 = Debug|Any CPU
		{D9A23A60-47BA-415D-926A-0CA8D6F97ED3}.Debug|x86.ActiveCfg = Debug|Any CPU
		{D9A23A60-47BA-415D-926A-0CA8D6F97ED3}.Debug|x86.Build.0 = Debug|Any CPU
		{D9A23A60-47BA-415D-926A-0CA8D6F97ED3}.Release|Any CPU.ActiveCfg = Release|Any CPU
		{D9A23A60-47BA-415D-926A-0CA8D6F97ED3}.Release|Any CPU.Build.0 = Release|Any CPU
		{D9A23A60-47BA-415D-926A-0CA8D6F97ED3}.Release|x64.ActiveCfg = Release|Any CPU
		{D9A23A60-47BA-415D-926A-0CA8D6F97ED3}.Release|x64.Build.0 = Release|Any CPU
		{D9A23A60-47BA-415D-926A-0CA8D6F97ED3}.Release|x86.ActiveCfg = Release|Any CPU
		{D9A23A60-47BA-415D-926A-0CA8D6F97ED3}.Release|x86.Build.0 = Release|Any CPU
		{7D73DCE3-B980-417E-AB5A-07514378CFB0}.Debug|Any CPU.ActiveCfg = Debug|Any CPU
		{7D73DCE3-B980-417E-AB5A-07514378CFB0}.Debug|Any CPU.Build.0 = Debug|Any CPU
		{7D73DCE3-B980-417E-AB5A-07514378CFB0}.Debug|x64.ActiveCfg = Debug|Any CPU
		{7D73DCE3-B980-417E-AB5A-07514378CFB0}.Debug|x64.Build.0 = Debug|Any CPU
		{7D73DCE3-B980-417E-AB5A-07514378CFB0}.Debug|x86.ActiveCfg = Debug|Any CPU
		{7D73DCE3-B980-417E-AB5A-07514378CFB0}.Debug|x86.Build.0 = Debug|Any CPU
		{7D73DCE3-B980-417E-AB5A-07514378CFB0}.Release|Any CPU.ActiveCfg = Release|Any CPU
		{7D73DCE3-B980-417E-AB5A-07514378CFB0}.Release|Any CPU.Build.0 = Release|Any CPU
		{7D73DCE3-B980-417E-AB5A-07514378CFB0}.Release|x64.ActiveCfg = Release|Any CPU
		{7D73DCE3-B980-417E-AB5A-07514378CFB0}.Release|x64.Build.0 = Release|Any CPU
		{7D73DCE3-B980-417E-AB5A-07514378CFB0}.Release|x86.ActiveCfg = Release|Any CPU
		{7D73DCE3-B980-417E-AB5A-07514378CFB0}.Release|x86.Build.0 = Release|Any CPU
	EndGlobalSection
	GlobalSection(SolutionProperties) = preSolution
		HideSolutionNode = FALSE
	EndGlobalSection
	GlobalSection(NestedProjects) = preSolution
		{03D5F58F-48A5-4DBB-B6F6-F0818B8FE5B6} = {7FD06913-5FCA-433A-B1BB-D39C07DD66AE}
		{E6D7D8B0-AEA9-46AB-8CB2-9D020F5C5072} = {7C41DF38-0A65-4334-9C90-96A8427EBF34}
		{8B84DADC-1132-497E-9039-58B7CDB12B60} = {E5EE4263-895F-4BC9-899A-F296664AADB6}
		{D9A23A60-47BA-415D-926A-0CA8D6F97ED3} = {8B84DADC-1132-497E-9039-58B7CDB12B60}
		{2FE498BE-B36E-4AAE-B27E-2FE8B1EABF5B} = {E5EE4263-895F-4BC9-899A-F296664AADB6}
		{7D73DCE3-B980-417E-AB5A-07514378CFB0} = {2FE498BE-B36E-4AAE-B27E-2FE8B1EABF5B}
	EndGlobalSection
EndGlobal
